// !$*UTF8*$!
{
	archiveVersion = 1;
	classes = {
	};
	objectVersion = 56;
	objects = {

/* Begin PBXBuildFile section */
		74941DFD2B82571E00C4ECA2 /* CirclesApp.swift in Sources */ = {isa = PBXBuildFile; fileRef = 74941DFC2B82571E00C4ECA2 /* CirclesApp.swift */; };
		74941DFF2B82571E00C4ECA2 /* ContentView.swift in Sources */ = {isa = PBXBuildFile; fileRef = 74941DFE2B82571E00C4ECA2 /* ContentView.swift */; };
		74941E012B82572400C4ECA2 /* Assets.xcassets in Resources */ = {isa = PBXBuildFile; fileRef = 74941E002B82572400C4ECA2 /* Assets.xcassets */; };
		74941E042B82572400C4ECA2 /* Preview Assets.xcassets in Resources */ = {isa = PBXBuildFile; fileRef = 74941E032B82572400C4ECA2 /* Preview Assets.xcassets */; };
		74941E0E2B82572500C4ECA2 /* CirclesTests.swift in Sources */ = {isa = PBXBuildFile; fileRef = 74941E0D2B82572500C4ECA2 /* CirclesTests.swift */; };
		74941E182B82572500C4ECA2 /* CirclesUITests.swift in Sources */ = {isa = PBXBuildFile; fileRef = 74941E172B82572500C4ECA2 /* CirclesUITests.swift */; };
		74941E1A2B82572500C4ECA2 /* CirclesUITestsLaunchTests.swift in Sources */ = {isa = PBXBuildFile; fileRef = 74941E192B82572500C4ECA2 /* CirclesUITestsLaunchTests.swift */; };
/* End PBXBuildFile section */

/* Begin PBXContainerItemProxy section */
		74941E0A2B82572500C4ECA2 /* PBXContainerItemProxy */ = {
			isa = PBXContainerItemProxy;
			containerPortal = 74941DF12B82571E00C4ECA2 /* Project object */;
			proxyType = 1;
			remoteGlobalIDString = 74941DF82B82571E00C4ECA2;
			remoteInfo = Circles;
		};
		74941E142B82572500C4ECA2 /* PBXContainerItemProxy */ = {
			isa = PBXContainerItemProxy;
			containerPortal = 74941DF12B82571E00C4ECA2 /* Project object */;
			proxyType = 1;
			remoteGlobalIDString = 74941DF82B82571E00C4ECA2;
			remoteInfo = Circles;
		};
/* End PBXContainerItemProxy section */

/* Begin PBXFileReference section */
		74941DF92B82571E00C4ECA2 /* Circles.app */ = {isa = PBXFileReference; explicitFileType = wrapper.application; includeInIndex = 0; path = Circles.app; sourceTree = BUILT_PRODUCTS_DIR; };
		74941DFC2B82571E00C4ECA2 /* CirclesApp.swift */ = {isa = PBXFileReference; lastKnownFileType = sourcecode.swift; path = CirclesApp.swift; sourceTree = "<group>"; };
		74941DFE2B82571E00C4ECA2 /* ContentView.swift */ = {isa = PBXFileReference; lastKnownFileType = sourcecode.swift; path = ContentView.swift; sourceTree = "<group>"; };
		74941E002B82572400C4ECA2 /* Assets.xcassets */ = {isa = PBXFileReference; lastKnownFileType = folder.assetcatalog; path = Assets.xcassets; sourceTree = "<group>"; };
		74941E032B82572400C4ECA2 /* Preview Assets.xcassets */ = {isa = PBXFileReference; lastKnownFileType = folder.assetcatalog; path = "Preview Assets.xcassets"; sourceTree = "<group>"; };
		74941E092B82572500C4ECA2 /* CirclesTests.xctest */ = {isa = PBXFileReference; explicitFileType = wrapper.cfbundle; includeInIndex = 0; path = CirclesTests.xctest; sourceTree = BUILT_PRODUCTS_DIR; };
		74941E0D2B82572500C4ECA2 /* CirclesTests.swift */ = {isa = PBXFileReference; lastKnownFileType = sourcecode.swift; path = CirclesTests.swift; sourceTree = "<group>"; };
		74941E132B82572500C4ECA2 /* CirclesUITests.xctest */ = {isa = PBXFileReference; explicitFileType = wrapper.cfbundle; includeInIndex = 0; path = CirclesUITests.xctest; sourceTree = BUILT_PRODUCTS_DIR; };
		74941E172B82572500C4ECA2 /* CirclesUITests.swift */ = {isa = PBXFileReference; lastKnownFileType = sourcecode.swift; path = CirclesUITests.swift; sourceTree = "<group>"; };
		74941E192B82572500C4ECA2 /* CirclesUITestsLaunchTests.swift */ = {isa = PBXFileReference; lastKnownFileType = sourcecode.swift; path = CirclesUITestsLaunchTests.swift; sourceTree = "<group>"; };
/* End PBXFileReference section */

/* Begin PBXFrameworksBuildPhase section */
		74941DF62B82571E00C4ECA2 /* Frameworks */ = {
			isa = PBXFrameworksBuildPhase;
			buildActionMask = 2147483647;
			files = (
			);
			runOnlyForDeploymentPostprocessing = 0;
		};
		74941E062B82572500C4ECA2 /* Frameworks */ = {
			isa = PBXFrameworksBuildPhase;
			buildActionMask = 2147483647;
			files = (
			);
			runOnlyForDeploymentPostprocessing = 0;
		};
		74941E102B82572500C4ECA2 /* Frameworks */ = {
			isa = PBXFrameworksBuildPhase;
			buildActionMask = 2147483647;
			files = (
			);
			runOnlyForDeploymentPostprocessing = 0;
		};
/* End PBXFrameworksBuildPhase section */

/* Begin PBXGroup section */
		74941DF02B82571E00C4ECA2 = {
			isa = PBXGroup;
			children = (
				74941DFB2B82571E00C4ECA2 /* Circles */,
				74941E0C2B82572500C4ECA2 /* CirclesTests */,
				74941E162B82572500C4ECA2 /* CirclesUITests */,
				74941DFA2B82571E00C4ECA2 /* Products */,
			);
			sourceTree = "<group>";
		};
		74941DFA2B82571E00C4ECA2 /* Products */ = {
			isa = PBXGroup;
			children = (
				74941DF92B82571E00C4ECA2 /* Circles.app */,
				74941E092B82572500C4ECA2 /* CirclesTests.xctest */,
				74941E132B82572500C4ECA2 /* CirclesUITests.xctest */,
			);
			name = Products;
			sourceTree = "<group>";
		};
		74941DFB2B82571E00C4ECA2 /* Circles */ = {
			isa = PBXGroup;
			children = (
				74941DFC2B82571E00C4ECA2 /* CirclesApp.swift */,
				74941DFE2B82571E00C4ECA2 /* ContentView.swift */,
				74941E002B82572400C4ECA2 /* Assets.xcassets */,
				74941E022B82572400C4ECA2 /* Preview Content */,
			);
			path = Circles;
			sourceTree = "<group>";
		};
		74941E022B82572400C4ECA2 /* Preview Content */ = {
			isa = PBXGroup;
			children = (
				74941E032B82572400C4ECA2 /* Preview Assets.xcassets */,
			);
			path = "Preview Content";
			sourceTree = "<group>";
		};
		74941E0C2B82572500C4ECA2 /* CirclesTests */ = {
			isa = PBXGroup;
			children = (
				74941E0D2B82572500C4ECA2 /* CirclesTests.swift */,
			);
			path = CirclesTests;
			sourceTree = "<group>";
		};
		74941E162B82572500C4ECA2 /* CirclesUITests */ = {
			isa = PBXGroup;
			children = (
				74941E172B82572500C4ECA2 /* CirclesUITests.swift */,
				74941E192B82572500C4ECA2 /* CirclesUITestsLaunchTests.swift */,
			);
			path = CirclesUITests;
			sourceTree = "<group>";
		};
/* End PBXGroup section */

/* Begin PBXNativeTarget section */
		74941DF82B82571E00C4ECA2 /* Circles */ = {
			isa = PBXNativeTarget;
			buildConfigurationList = 74941E1D2B82572500C4ECA2 /* Build configuration list for PBXNativeTarget "Circles" */;
			buildPhases = (
				74941DF52B82571E00C4ECA2 /* Sources */,
				74941DF62B82571E00C4ECA2 /* Frameworks */,
				74941DF72B82571E00C4ECA2 /* Resources */,
			);
			buildRules = (
			);
			dependencies = (
			);
			name = Circles;
			productName = Circles;
			productReference = 74941DF92B82571E00C4ECA2 /* Circles.app */;
			productType = "com.apple.product-type.application";
		};
		74941E082B82572500C4ECA2 /* CirclesTests */ = {
			isa = PBXNativeTarget;
			buildConfigurationList = 74941E202B82572500C4ECA2 /* Build configuration list for PBXNativeTarget "CirclesTests" */;
			buildPhases = (
				74941E052B82572500C4ECA2 /* Sources */,
				74941E062B82572500C4ECA2 /* Frameworks */,
				74941E072B82572500C4ECA2 /* Resources */,
			);
			buildRules = (
			);
			dependencies = (
				74941E0B2B82572500C4ECA2 /* PBXTargetDependency */,
			);
			name = CirclesTests;
			productName = CirclesTests;
			productReference = 74941E092B82572500C4ECA2 /* CirclesTests.xctest */;
			productType = "com.apple.product-type.bundle.unit-test";
		};
		74941E122B82572500C4ECA2 /* CirclesUITests */ = {
			isa = PBXNativeTarget;
			buildConfigurationList = 74941E232B82572500C4ECA2 /* Build configuration list for PBXNativeTarget "CirclesUITests" */;
			buildPhases = (
				74941E0F2B82572500C4ECA2 /* Sources */,
				74941E102B82572500C4ECA2 /* Frameworks */,
				74941E112B82572500C4ECA2 /* Resources */,
			);
			buildRules = (
			);
			dependencies = (
				74941E152B82572500C4ECA2 /* PBXTargetDependency */,
			);
			name = CirclesUITests;
			productName = CirclesUITests;
			productReference = 74941E132B82572500C4ECA2 /* CirclesUITests.xctest */;
			productType = "com.apple.product-type.bundle.ui-testing";
		};
/* End PBXNativeTarget section */

/* Begin PBXProject section */
		74941DF12B82571E00C4ECA2 /* Project object */ = {
			isa = PBXProject;
			attributes = {
				BuildIndependentTargetsInParallel = 1;
				LastSwiftUpdateCheck = 1520;
				LastUpgradeCheck = 1520;
				TargetAttributes = {
					74941DF82B82571E00C4ECA2 = {
						CreatedOnToolsVersion = 15.2;
					};
					74941E082B82572500C4ECA2 = {
						CreatedOnToolsVersion = 15.2;
						TestTargetID = 74941DF82B82571E00C4ECA2;
					};
					74941E122B82572500C4ECA2 = {
						CreatedOnToolsVersion = 15.2;
						TestTargetID = 74941DF82B82571E00C4ECA2;
					};
				};
			};
			buildConfigurationList = 74941DF42B82571E00C4ECA2 /* Build configuration list for PBXProject "Circles" */;
			compatibilityVersion = "Xcode 14.0";
			developmentRegion = en;
			hasScannedForEncodings = 0;
			knownRegions = (
				en,
				Base,
			);
			mainGroup = 74941DF02B82571E00C4ECA2;
			productRefGroup = 74941DFA2B82571E00C4ECA2 /* Products */;
			projectDirPath = "";
			projectRoot = "";
			targets = (
				74941DF82B82571E00C4ECA2 /* Circles */,
				74941E082B82572500C4ECA2 /* CirclesTests */,
				74941E122B82572500C4ECA2 /* CirclesUITests */,
			);
		};
/* End PBXProject section */

/* Begin PBXResourcesBuildPhase section */
		74941DF72B82571E00C4ECA2 /* Resources */ = {
			isa = PBXResourcesBuildPhase;
			buildActionMask = 2147483647;
			files = (
				74941E042B82572400C4ECA2 /* Preview Assets.xcassets in Resources */,
				74941E012B82572400C4ECA2 /* Assets.xcassets in Resources */,
			);
			runOnlyForDeploymentPostprocessing = 0;
		};
		74941E072B82572500C4ECA2 /* Resources */ = {
			isa = PBXResourcesBuildPhase;
			buildActionMask = 2147483647;
			files = (
			);
			runOnlyForDeploymentPostprocessing = 0;
		};
		74941E112B82572500C4ECA2 /* Resources */ = {
			isa = PBXResourcesBuildPhase;
			buildActionMask = 2147483647;
			files = (
			);
			runOnlyForDeploymentPostprocessing = 0;
		};
/* End PBXResourcesBuildPhase section */

/* Begin PBXSourcesBuildPhase section */
		74941DF52B82571E00C4ECA2 /* Sources */ = {
			isa = PBXSourcesBuildPhase;
			buildActionMask = 2147483647;
			files = (
				74941DFF2B82571E00C4ECA2 /* ContentView.swift in Sources */,
				74941DFD2B82571E00C4ECA2 /* CirclesApp.swift in Sources */,
			);
			runOnlyForDeploymentPostprocessing = 0;
		};
		74941E052B82572500C4ECA2 /* Sources */ = {
			isa = PBXSourcesBuildPhase;
			buildActionMask = 2147483647;
			files = (
				74941E0E2B82572500C4ECA2 /* CirclesTests.swift in Sources */,
			);
			runOnlyForDeploymentPostprocessing = 0;
		};
		74941E0F2B82572500C4ECA2 /* Sources */ = {
			isa = PBXSourcesBuildPhase;
			buildActionMask = 2147483647;
			files = (
				74941E1A2B82572500C4ECA2 /* CirclesUITestsLaunchTests.swift in Sources */,
				74941E182B82572500C4ECA2 /* CirclesUITests.swift in Sources */,
			);
			runOnlyForDeploymentPostprocessing = 0;
		};
/* End PBXSourcesBuildPhase section */

/* Begin PBXTargetDependency section */
		74941E0B2B82572500C4ECA2 /* PBXTargetDependency */ = {
			isa = PBXTargetDependency;
			target = 74941DF82B82571E00C4ECA2 /* Circles */;
			targetProxy = 74941E0A2B82572500C4ECA2 /* PBXContainerItemProxy */;
		};
		74941E152B82572500C4ECA2 /* PBXTargetDependency */ = {
			isa = PBXTargetDependency;
			target = 74941DF82B82571E00C4ECA2 /* Circles */;
			targetProxy = 74941E142B82572500C4ECA2 /* PBXContainerItemProxy */;
		};
/* End PBXTargetDependency section */

/* Begin XCBuildConfiguration section */
		74941E1B2B82572500C4ECA2 /* Debug */ = {
			isa = XCBuildConfiguration;
			buildSettings = {
				ALWAYS_SEARCH_USER_PATHS = NO;
				ASSETCATALOG_COMPILER_GENERATE_SWIFT_ASSET_SYMBOL_EXTENSIONS = YES;
				CLANG_ANALYZER_NONNULL = YES;
				CLANG_ANALYZER_NUMBER_OBJECT_CONVERSION = YES_AGGRESSIVE;
				CLANG_CXX_LANGUAGE_STANDARD = "gnu++20";
				CLANG_ENABLE_MODULES = YES;
				CLANG_ENABLE_OBJC_ARC = YES;
				CLANG_ENABLE_OBJC_WEAK = YES;
				CLANG_WARN_BLOCK_CAPTURE_AUTORELEASING = YES;
				CLANG_WARN_BOOL_CONVERSION = YES;
				CLANG_WARN_COMMA = YES;
				CLANG_WARN_CONSTANT_CONVERSION = YES;
				CLANG_WARN_DEPRECATED_OBJC_IMPLEMENTATIONS = YES;
				CLANG_WARN_DIRECT_OBJC_ISA_USAGE = YES_ERROR;
				CLANG_WARN_DOCUMENTATION_COMMENTS = YES;
				CLANG_WARN_EMPTY_BODY = YES;
				CLANG_WARN_ENUM_CONVERSION = YES;
				CLANG_WARN_INFINITE_RECURSION = YES;
				CLANG_WARN_INT_CONVERSION = YES;
				CLANG_WARN_NON_LITERAL_NULL_CONVERSION = YES;
				CLANG_WARN_OBJC_IMPLICIT_RETAIN_SELF = YES;
				CLANG_WARN_OBJC_LITERAL_CONVERSION = YES;
				CLANG_WARN_OBJC_ROOT_CLASS = YES_ERROR;
				CLANG_WARN_QUOTED_INCLUDE_IN_FRAMEWORK_HEADER = YES;
				CLANG_WARN_RANGE_LOOP_ANALYSIS = YES;
				CLANG_WARN_STRICT_PROTOTYPES = YES;
				CLANG_WARN_SUSPICIOUS_MOVE = YES;
				CLANG_WARN_UNGUARDED_AVAILABILITY = YES_AGGRESSIVE;
				CLANG_WARN_UNREACHABLE_CODE = YES;
				CLANG_WARN__DUPLICATE_METHOD_MATCH = YES;
				COPY_PHASE_STRIP = NO;
				DEBUG_INFORMATION_FORMAT = dwarf;
				ENABLE_STRICT_OBJC_MSGSEND = YES;
				ENABLE_TESTABILITY = YES;
				ENABLE_USER_SCRIPT_SANDBOXING = YES;
				GCC_C_LANGUAGE_STANDARD = gnu17;
				GCC_DYNAMIC_NO_PIC = NO;
				GCC_NO_COMMON_BLOCKS = YES;
				GCC_OPTIMIZATION_LEVEL = 0;
				GCC_PREPROCESSOR_DEFINITIONS = (
					"DEBUG=1",
					"$(inherited)",
				);
				GCC_WARN_64_TO_32_BIT_CONVERSION = YES;
				GCC_WARN_ABOUT_RETURN_TYPE = YES_ERROR;
				GCC_WARN_UNDECLARED_SELECTOR = YES;
				GCC_WARN_UNINITIALIZED_AUTOS = YES_AGGRESSIVE;
				GCC_WARN_UNUSED_FUNCTION = YES;
				GCC_WARN_UNUSED_VARIABLE = YES;
				IPHONEOS_DEPLOYMENT_TARGET = 17.2;
				LOCALIZATION_PREFERS_STRING_CATALOGS = YES;
				MTL_ENABLE_DEBUG_INFO = INCLUDE_SOURCE;
				MTL_FAST_MATH = YES;
				ONLY_ACTIVE_ARCH = YES;
				SDKROOT = iphoneos;
				SWIFT_ACTIVE_COMPILATION_CONDITIONS = "DEBUG $(inherited)";
				SWIFT_OPTIMIZATION_LEVEL = "-Onone";
			};
			name = Debug;
		};
		74941E1C2B82572500C4ECA2 /* Release */ = {
			isa = XCBuildConfiguration;
			buildSettings = {
				ALWAYS_SEARCH_USER_PATHS = NO;
				ASSETCATALOG_COMPILER_GENERATE_SWIFT_ASSET_SYMBOL_EXTENSIONS = YES;
				CLANG_ANALYZER_NONNULL = YES;
				CLANG_ANALYZER_NUMBER_OBJECT_CONVERSION = YES_AGGRESSIVE;
				CLANG_CXX_LANGUAGE_STANDARD = "gnu++20";
				CLANG_ENABLE_MODULES = YES;
				CLANG_ENABLE_OBJC_ARC = YES;
				CLANG_ENABLE_OBJC_WEAK = YES;
				CLANG_WARN_BLOCK_CAPTURE_AUTORELEASING = YES;
				CLANG_WARN_BOOL_CONVERSION = YES;
				CLANG_WARN_COMMA = YES;
				CLANG_WARN_CONSTANT_CONVERSION = YES;
				CLANG_WARN_DEPRECATED_OBJC_IMPLEMENTATIONS = YES;
				CLANG_WARN_DIRECT_OBJC_ISA_USAGE = YES_ERROR;
				CLANG_WARN_DOCUMENTATION_COMMENTS = YES;
				CLANG_WARN_EMPTY_BODY = YES;
				CLANG_WARN_ENUM_CONVERSION = YES;
				CLANG_WARN_INFINITE_RECURSION = YES;
				CLANG_WARN_INT_CONVERSION = YES;
				CLANG_WARN_NON_LITERAL_NULL_CONVERSION = YES;
				CLANG_WARN_OBJC_IMPLICIT_RETAIN_SELF = YES;
				CLANG_WARN_OBJC_LITERAL_CONVERSION = YES;
				CLANG_WARN_OBJC_ROOT_CLASS = YES_ERROR;
				CLANG_WARN_QUOTED_INCLUDE_IN_FRAMEWORK_HEADER = YES;
				CLANG_WARN_RANGE_LOOP_ANALYSIS = YES;
				CLANG_WARN_STRICT_PROTOTYPES = YES;
				CLANG_WARN_SUSPICIOUS_MOVE = YES;
				CLANG_WARN_UNGUARDED_AVAILABILITY = YES_AGGRESSIVE;
				CLANG_WARN_UNREACHABLE_CODE = YES;
				CLANG_WARN__DUPLICATE_METHOD_MATCH = YES;
				COPY_PHASE_STRIP = NO;
				DEBUG_INFORMATION_FORMAT = "dwarf-with-dsym";
				ENABLE_NS_ASSERTIONS = NO;
				ENABLE_STRICT_OBJC_MSGSEND = YES;
				ENABLE_USER_SCRIPT_SANDBOXING = YES;
				GCC_C_LANGUAGE_STANDARD = gnu17;
				GCC_NO_COMMON_BLOCKS = YES;
				GCC_WARN_64_TO_32_BIT_CONVERSION = YES;
				GCC_WARN_ABOUT_RETURN_TYPE = YES_ERROR;
				GCC_WARN_UNDECLARED_SELECTOR = YES;
				GCC_WARN_UNINITIALIZED_AUTOS = YES_AGGRESSIVE;
				GCC_WARN_UNUSED_FUNCTION = YES;
				GCC_WARN_UNUSED_VARIABLE = YES;
				IPHONEOS_DEPLOYMENT_TARGET = 17.2;
				LOCALIZATION_PREFERS_STRING_CATALOGS = YES;
				MTL_ENABLE_DEBUG_INFO = NO;
				MTL_FAST_MATH = YES;
				SDKROOT = iphoneos;
				SWIFT_COMPILATION_MODE = wholemodule;
				VALIDATE_PRODUCT = YES;
			};
			name = Release;
		};
		74941E1E2B82572500C4ECA2 /* Debug */ = {
			isa = XCBuildConfiguration;
			buildSettings = {
				ASSETCATALOG_COMPILER_APPICON_NAME = AppIcon;
				ASSETCATALOG_COMPILER_GLOBAL_ACCENT_COLOR_NAME = AccentColor;
				CODE_SIGN_STYLE = Automatic;
				CURRENT_PROJECT_VERSION = 1;
				DEVELOPMENT_ASSET_PATHS = "\"Circles/Preview Content\"";
				ENABLE_PREVIEWS = YES;
				GENERATE_INFOPLIST_FILE = YES;
				INFOPLIST_KEY_UIApplicationSceneManifest_Generation = YES;
				INFOPLIST_KEY_UIApplicationSupportsIndirectInputEvents = YES;
				INFOPLIST_KEY_UILaunchScreen_Generation = YES;
				INFOPLIST_KEY_UISupportedInterfaceOrientations_iPad = "UIInterfaceOrientationPortrait UIInterfaceOrientationPortraitUpsideDown UIInterfaceOrientationLandscapeLeft UIInterfaceOrientationLandscapeRight";
				INFOPLIST_KEY_UISupportedInterfaceOrientations_iPhone = "UIInterfaceOrientationPortrait UIInterfaceOrientationLandscapeLeft UIInterfaceOrientationLandscapeRight";
				LD_RUNPATH_SEARCH_PATHS = (
					"$(inherited)",
					"@executable_path/Frameworks",
				);
				MARKETING_VERSION = 1.0;
				PRODUCT_BUNDLE_IDENTIFIER = TheCirclesOrg.Circles;
				PRODUCT_NAME = "$(TARGET_NAME)";
				SWIFT_EMIT_LOC_STRINGS = YES;
				SWIFT_VERSION = 5.0;
				TARGETED_DEVICE_FAMILY = "1,2";
			};
			name = Debug;
		};
		74941E1F2B82572500C4ECA2 /* Release */ = {
			isa = XCBuildConfiguration;
			buildSettings = {
				ASSETCATALOG_COMPILER_APPICON_NAME = AppIcon;
				ASSETCATALOG_COMPILER_GLOBAL_ACCENT_COLOR_NAME = AccentColor;
				CODE_SIGN_STYLE = Automatic;
				CURRENT_PROJECT_VERSION = 1;
				DEVELOPMENT_ASSET_PATHS = "\"Circles/Preview Content\"";
				ENABLE_PREVIEWS = YES;
				GENERATE_INFOPLIST_FILE = YES;
				INFOPLIST_KEY_UIApplicationSceneManifest_Generation = YES;
				INFOPLIST_KEY_UIApplicationSupportsIndirectInputEvents = YES;
				INFOPLIST_KEY_UILaunchScreen_Generation = YES;
				INFOPLIST_KEY_UISupportedInterfaceOrientations_iPad = "UIInterfaceOrientationPortrait UIInterfaceOrientationPortraitUpsideDown UIInterfaceOrientationLandscapeLeft UIInterfaceOrientationLandscapeRight";
				INFOPLIST_KEY_UISupportedInterfaceOrientations_iPhone = "UIInterfaceOrientationPortrait UIInterfaceOrientationLandscapeLeft UIInterfaceOrientationLandscapeRight";
				LD_RUNPATH_SEARCH_PATHS = (
					"$(inherited)",
					"@executable_path/Frameworks",
				);
				MARKETING_VERSION = 1.0;
				PRODUCT_BUNDLE_IDENTIFIER = TheCirclesOrg.Circles;
				PRODUCT_NAME = "$(TARGET_NAME)";
				SWIFT_EMIT_LOC_STRINGS = YES;
				SWIFT_VERSION = 5.0;
				TARGETED_DEVICE_FAMILY = "1,2";
			};
			name = Release;
		};
		74941E212B82572500C4ECA2 /* Debug */ = {
			isa = XCBuildConfiguration;
			buildSettings = {
				ALWAYS_EMBED_SWIFT_STANDARD_LIBRARIES = YES;
				BUNDLE_LOADER = "$(TEST_HOST)";
				CODE_SIGN_STYLE = Automatic;
				CURRENT_PROJECT_VERSION = 1;
				GENERATE_INFOPLIST_FILE = YES;
				IPHONEOS_DEPLOYMENT_TARGET = 17.2;
				MARKETING_VERSION = 1.0;
				PRODUCT_BUNDLE_IDENTIFIER = TheCirclesOrg.CirclesTests;
				PRODUCT_NAME = "$(TARGET_NAME)";
				SWIFT_EMIT_LOC_STRINGS = NO;
				SWIFT_VERSION = 5.0;
				TARGETED_DEVICE_FAMILY = "1,2";
				TEST_HOST = "$(BUILT_PRODUCTS_DIR)/Circles.app/$(BUNDLE_EXECUTABLE_FOLDER_PATH)/Circles";
			};
			name = Debug;
		};
		74941E222B82572500C4ECA2 /* Release */ = {
			isa = XCBuildConfiguration;
			buildSettings = {
				ALWAYS_EMBED_SWIFT_STANDARD_LIBRARIES = YES;
				BUNDLE_LOADER = "$(TEST_HOST)";
				CODE_SIGN_STYLE = Automatic;
				CURRENT_PROJECT_VERSION = 1;
				GENERATE_INFOPLIST_FILE = YES;
				IPHONEOS_DEPLOYMENT_TARGET = 17.2;
				MARKETING_VERSION = 1.0;
				PRODUCT_BUNDLE_IDENTIFIER = TheCirclesOrg.CirclesTests;
				PRODUCT_NAME = "$(TARGET_NAME)";
				SWIFT_EMIT_LOC_STRINGS = NO;
				SWIFT_VERSION = 5.0;
				TARGETED_DEVICE_FAMILY = "1,2";
				TEST_HOST = "$(BUILT_PRODUCTS_DIR)/Circles.app/$(BUNDLE_EXECUTABLE_FOLDER_PATH)/Circles";
			};
			name = Release;
		};
		74941E242B82572500C4ECA2 /* Debug */ = {
			isa = XCBuildConfiguration;
			buildSettings = {
				ALWAYS_EMBED_SWIFT_STANDARD_LIBRARIES = YES;
				CODE_SIGN_STYLE = Automatic;
				CURRENT_PROJECT_VERSION = 1;
				GENERATE_INFOPLIST_FILE = YES;
				MARKETING_VERSION = 1.0;
				PRODUCT_BUNDLE_IDENTIFIER = TheCirclesOrg.CirclesUITests;
				PRODUCT_NAME = "$(TARGET_NAME)";
				SWIFT_EMIT_LOC_STRINGS = NO;
				SWIFT_VERSION = 5.0;
				TARGETED_DEVICE_FAMILY = "1,2";
				TEST_TARGET_NAME = Circles;
			};
			name = Debug;
		};
		74941E252B82572500C4ECA2 /* Release */ = {
			isa = XCBuildConfiguration;
			buildSettings = {
				ALWAYS_EMBED_SWIFT_STANDARD_LIBRARIES = YES;
				CODE_SIGN_STYLE = Automatic;
				CURRENT_PROJECT_VERSION = 1;
				GENERATE_INFOPLIST_FILE = YES;
				MARKETING_VERSION = 1.0;
				PRODUCT_BUNDLE_IDENTIFIER = TheCirclesOrg.CirclesUITests;
				PRODUCT_NAME = "$(TARGET_NAME)";
				SWIFT_EMIT_LOC_STRINGS = NO;
				SWIFT_VERSION = 5.0;
				TARGETED_DEVICE_FAMILY = "1,2";
				TEST_TARGET_NAME = Circles;
			};
			name = Release;
		};
/* End XCBuildConfiguration section */

/* Begin XCConfigurationList section */
		74941DF42B82571E00C4ECA2 /* Build configuration list for PBXProject "Circles" */ = {
			isa = XCConfigurationList;
			buildConfigurations = (
				74941E1B2B82572500C4ECA2 /* Debug */,
				74941E1C2B82572500C4ECA2 /* Release */,
			);
			defaultConfigurationIsVisible = 0;
			defaultConfigurationName = Release;
		};
		74941E1D2B82572500C4ECA2 /* Build configuration list for PBXNativeTarget "Circles" */ = {
			isa = XCConfigurationList;
			buildConfigurations = (
				74941E1E2B82572500C4ECA2 /* Debug */,
				74941E1F2B82572500C4ECA2 /* Release */,
			);
			defaultConfigurationIsVisible = 0;
			defaultConfigurationName = Release;
		};
		74941E202B82572500C4ECA2 /* Build configuration list for PBXNativeTarget "CirclesTests" */ = {
			isa = XCConfigurationList;
			buildConfigurations = (
				74941E212B82572500C4ECA2 /* Debug */,
				74941E222B82572500C4ECA2 /* Release */,
			);
			defaultConfigurationIsVisible = 0;
			defaultConfigurationName = Release;
		};
		74941E232B82572500C4ECA2 /* Build configuration list for PBXNativeTarget "CirclesUITests" */ = {
			isa = XCConfigurationList;
			buildConfigurations = (
				74941E242B82572500C4ECA2 /* Debug */,
				74941E252B82572500C4ECA2 /* Release */,
			);
			defaultConfigurationIsVisible = 0;
			defaultConfigurationName = Release;
		};
/* End XCConfigurationList section */
	};
	rootObject = 74941DF12B82571E00C4ECA2 /* Project object */;
}
